
Microsoft Visual Studio Solution File, Format Version 12.00
# Visual Studio 15
VisualStudioVersion = 15.0.28307.329
MinimumVisualStudioVersion = 10.0.40219.1
Project("{FAE04EC0-301F-11D3-BF4B-00C04F79EFBC}") = "Stroki", "Stroki\Stroki.csproj", "{50ED08BF-7677-45DB-B43C-B309EB674755}"
EndProject
Global
	GlobalSection(SolutionConfigurationPlatforms) = preSolution
		Debug|Any CPU = Debug|Any CPU
		Release|Any CPU = Release|Any CPU
	EndGlobalSection
	GlobalSection(ProjectConfigurationPlatforms) = postSolution
		{50ED08BF-7677-45DB-B43C-B309EB674755}.Debug|Any CPU.ActiveCfg = Debug|Any CPU
		{50ED08BF-7677-45DB-B43C-B309EB674755}.Debug|Any CPU.Build.0 = Debug|Any CPU
		{50ED08BF-7677-45DB-B43C-B309EB674755}.Release|Any CPU.ActiveCfg = Release|Any CPU
		{50ED08BF-7677-45DB-B43C-B309EB674755}.Release|Any CPU.Build.0 = Release|Any CPU
	EndGlobalSection
	GlobalSection(SolutionProperties) = preSolution
		HideSolutionNode = FALSE
	EndGlobalSection
	GlobalSection(ExtensibilityGlobals) = postSolution
		SolutionGuid = {90CA922B-485A-46A0-8BE0-4F7A8A65EAC3}
	EndGlobalSection
EndGlobal
